
Microsoft Visual Studio Solution File, Format Version 12.00
# Visual Studio Version 17
VisualStudioVersion = 17.4.33205.214
MinimumVisualStudioVersion = 10.0.40219.1
Project("{9A19103F-16F7-4668-BE54-9A1E7A4F7556}") = "TelegramPrinterWPF", "TelegramPrinterWPF\TelegramPrinterWPF.csproj", "{A5350B19-49EA-42C6-8EB2-83E555D2CE12}"
EndProject
Global
	GlobalSection(SolutionConfigurationPlatforms) = preSolution
		Debug|Any CPU = Debug|Any CPU
		Release|Any CPU = Release|Any CPU
	EndGlobalSection
	GlobalSection(ProjectConfigurationPlatforms) = postSolution
		{A5350B19-49EA-42C6-8EB2-83E555D2CE12}.Debug|Any CPU.ActiveCfg = Debug|Any CPU
		{A5350B19-49EA-42C6-8EB2-83E555D2CE12}.Debug|Any CPU.Build.0 = Debug|Any CPU
		{A5350B19-49EA-42C6-8EB2-83E555D2CE12}.Release|Any CPU.ActiveCfg = Release|Any CPU
		{A5350B19-49EA-42C6-8EB2-83E555D2CE12}.Release|Any CPU.Build.0 = Release|Any CPU
	EndGlobalSection
	GlobalSection(SolutionProperties) = preSolution
		HideSolutionNode = FALSE
	EndGlobalSection
	GlobalSection(ExtensibilityGlobals) = postSolution
		SolutionGuid = {3C01AA18-4813-4FDE-841D-6874333BB3F9}
	EndGlobalSection
EndGlobal
